lockfileVersion: '6.0'

settings:
  autoInstallPeers: true
  excludeLinksFromLockfile: false

dependencies:
  '@types/backblaze-b2':
    specifier: ^1.5.2
    version: 1.5.2
  '@types/node':
    specifier: ^20.3.2
    version: 20.3.2
  backblaze-b2:
    specifier: ^1.7.0
    version: 1.7.0
  dotenv:
    specifier: ^16.3.1
    version: 16.3.1
  typescript:
    specifier: ^5.1.5
    version: 5.1.5

packages:

  /@babel/runtime@7.22.5:
    resolution: {integrity: sha512-ecjvYlnAaZ/KVneE/OdKYBYfgXV3Ptu6zQWmgEF7vwKhQnvVS6bjMD2XYgj+SNvQ1GfK/pjgokfPkC/2CO8CuA==}
    engines: {node: '>=6.9.0'}
    dependencies:
      regenerator-runtime: 0.13.11
    dev: false

  /@types/backblaze-b2@1.5.2:
    resolution: {integrity: sha512-QWmK0mh9zPl9cHqwTrQbMUipB6WZ44mLEATJY+xCmdesqCcO1gmSecQo70e23P5jHU6he6Ebm53TCiPNiJ5Ekw==}
    dependencies:
      '@types/node': 20.3.2
    dev: false

  /@types/node@20.3.2:
    resolution: {integrity: sha512-vOBLVQeCQfIcF/2Y7eKFTqrMnizK5lRNQ7ykML/5RuwVXVWxYkgwS7xbt4B6fKCUPgbSL5FSsjHQpaGQP/dQmw==}
    dev: false

  /axios-retry@3.5.1:
    resolution: {integrity: sha512-mQRJ4IyAUnYig14BQ4MnnNHHuH1cNH7NW4JxEUD6mNJwK6pwOY66wKLCwZ6Y0o3POpfStalqRC+J4+Hnn6Om7w==}
    dependencies:
      '@babel/runtime': 7.22.5
      is-retry-allowed: 2.2.0
    dev: false

  /axios@0.21.4:
    resolution: {integrity: sha512-ut5vewkiu8jjGBdqpM44XxjuCjq9LAKeHVmoVfHVzy8eHgxxq8SbAVQNovDA8mVi05kP0Ea/n/UzcSHcTJQfNg==}
    dependencies:
      follow-redirects: 1.15.2
    transitivePeerDependencies:
      - debug
    dev: false

  /backblaze-b2@1.7.0:
    resolution: {integrity: sha512-8cVsKkXspuM1UeLI8WWSWw2JHfB7/IvqTtzvwhHqqhNyqcYl8iZ2lFpeuXGKcFA1TiSRlgALXWFJ9eKG6+3ZPg==}
    engines: {node: '>=10.0'}
    dependencies:
      axios: 0.21.4
      axios-retry: 3.5.1
      lodash: 4.17.21
    transitivePeerDependencies:
      - debug
    dev: false

  /dotenv@16.3.1:
    resolution: {integrity: sha512-IPzF4w4/Rd94bA9imS68tZBaYyBWSCE47V1RGuMrB94iyTOIEwRmVL2x/4An+6mETpLrKJ5hQkB8W4kFAadeIQ==}
    engines: {node: '>=12'}
    dev: false

  /follow-redirects@1.15.2:
    resolution: {integrity: sha512-VQLG33o04KaQ8uYi2tVNbdrWp1QWxNNea+nmIB4EVM28v0hmP17z7aG1+wAkNzVq4KeXTq3221ye5qTJP91JwA==}
    engines: {node: '>=4.0'}
    peerDependencies:
      debug: '*'
    peerDependenciesMeta:
      debug:
        optional: true
    dev: false

  /is-retry-allowed@2.2.0:
    resolution: {integrity: sha512-XVm7LOeLpTW4jV19QSH38vkswxoLud8sQ57YwJVTPWdiaI9I8keEhGFpBlslyVsgdQy4Opg8QOLb8YRgsyZiQg==}
    engines: {node: '>=10'}
    dev: false

  /lodash@4.17.21:
    resolution: {integrity: sha512-v2kDEe57lecTulaDIuNTPy3Ry4gLGJ6Z1O3vE1krgXZNrsQ+LFTGHVxVjcXPs17LhbZVGedAJv8XZ1tvj5FvSg==}
    dev: false

  /regenerator-runtime@0.13.11:
    resolution: {integrity: sha512-kY1AZVr2Ra+t+piVaJ4gxaFaReZVH40AKNo7UCX6W+dEwBo/2oZJzqfuN1qLq1oL45o56cPaTXELwrTh8Fpggg==}
    dev: false

  /typescript@5.1.5:
    resolution: {integrity: sha512-FOH+WN/DQjUvN6WgW+c4Ml3yi0PH+a/8q+kNIfRehv1wLhWONedw85iu+vQ39Wp49IzTJEsZ2lyLXpBF7mkF1g==}
    engines: {node: '>=14.17'}
    hasBin: true
    dev: false
